
Microsoft Visual Studio Solution File, Format Version 12.00
# Visual Studio Version 16
VisualStudioVersion = 16.0.29609.76
MinimumVisualStudioVersion = 10.0.40219.1
Project("{FAE04EC0-301F-11D3-BF4B-00C04F79EFBC}") = "AdoWinFormsAsyncDZ9", "AdoWinFormsAsyncDZ9\AdoWinFormsAsyncDZ9.csproj", "{236D7CD8-90D4-4273-AECF-205A682DA407}"
EndProject
Global
	GlobalSection(SolutionConfigurationPlatforms) = preSolution
		Debug|Any CPU = Debug|Any CPU
		Release|Any CPU = Release|Any CPU
	EndGlobalSection
	GlobalSection(ProjectConfigurationPlatforms) = postSolution
		{236D7CD8-90D4-4273-AECF-205A682DA407}.Debug|Any CPU.ActiveCfg = Debug|Any CPU
		{236D7CD8-90D4-4273-AECF-205A682DA407}.Debug|Any CPU.Build.0 = Debug|Any CPU
		{236D7CD8-90D4-4273-AECF-205A682DA407}.Release|Any CPU.ActiveCfg = Release|Any CPU
		{236D7CD8-90D4-4273-AECF-205A682DA407}.Release|Any CPU.Build.0 = Release|Any CPU
	EndGlobalSection
	GlobalSection(SolutionProperties) = preSolution
		HideSolutionNode = FALSE
	EndGlobalSection
	GlobalSection(ExtensibilityGlobals) = postSolution
		SolutionGuid = {684A4382-D137-401B-B60A-E7DFB36B28E5}
	EndGlobalSection
EndGlobal
